
Microsoft Visual Studio Solution File, Format Version 12.00
# Visual Studio 15
VisualStudioVersion = 15.0.28307.960
MinimumVisualStudioVersion = 10.0.40219.1
Project("{FAE04EC0-301F-11D3-BF4B-00C04F79EFBC}") = "RevStringSpecialCharacter", "RevStringSpecialCharacter\RevStringSpecialCharacter.csproj", "{81DE1441-9FF7-4C27-ABF4-53B7201FA244}"
EndProject
Global
	GlobalSection(SolutionConfigurationPlatforms) = preSolution
		Debug|Any CPU = Debug|Any CPU
		Release|Any CPU = Release|Any CPU
	EndGlobalSection
	GlobalSection(ProjectConfigurationPlatforms) = postSolution
		{81DE1441-9FF7-4C27-ABF4-53B7201FA244}.Debug|Any CPU.ActiveCfg = Debug|Any CPU
		{81DE1441-9FF7-4C27-ABF4-53B7201FA244}.Debug|Any CPU.Build.0 = Debug|Any CPU
		{81DE1441-9FF7-4C27-ABF4-53B7201FA244}.Release|Any CPU.ActiveCfg = Release|Any CPU
		{81DE1441-9FF7-4C27-ABF4-53B7201FA244}.Release|Any CPU.Build.0 = Release|Any CPU
	EndGlobalSection
	GlobalSection(SolutionProperties) = preSolution
		HideSolutionNode = FALSE
	EndGlobalSection
	GlobalSection(ExtensibilityGlobals) = postSolution
		SolutionGuid = {22DC2C37-BCB9-44E9-ADE8-2657FDBC2B1C}
	EndGlobalSection
EndGlobal
